
Microsoft Visual Studio Solution File, Format Version 12.00
# Visual Studio 15
VisualStudioVersion = 15.0.28010.2016
MinimumVisualStudioVersion = 10.0.40219.1
Project("{9A19103F-16F7-4668-BE54-9A1E7A4F7556}") = "Server", "Server\Server.csproj", "{D1C93A9B-37CF-4B3F-B57C-30D054E40392}"
EndProject
Project("{FAE04EC0-301F-11D3-BF4B-00C04F79EFBC}") = "Client", "Client\Client.csproj", "{85E735F0-3709-4AD1-94EE-76CED3EC0804}"
	ProjectSection(ProjectDependencies) = postProject
		{D1C93A9B-37CF-4B3F-B57C-30D054E40392} = {D1C93A9B-37CF-4B3F-B57C-30D054E40392}
	EndProjectSection
EndProject
Project("{2150E333-8FDC-42A3-9474-1A3956D46DE8}") = "Solution Items", "Solution Items", "{FAE0EB37-0F72-4F14-8803-D4B7D3D22EF4}"
	ProjectSection(SolutionItems) = preProject
		LR map.docx = LR map.docx
	EndProjectSection
EndProject
Global
	GlobalSection(SolutionConfigurationPlatforms) = preSolution
		Debug|Any CPU = Debug|Any CPU
		Release|Any CPU = Release|Any CPU
	EndGlobalSection
	GlobalSection(ProjectConfigurationPlatforms) = postSolution
		{D1C93A9B-37CF-4B3F-B57C-30D054E40392}.Debug|Any CPU.ActiveCfg = Debug|Any CPU
		{D1C93A9B-37CF-4B3F-B57C-30D054E40392}.Debug|Any CPU.Build.0 = Debug|Any CPU
		{D1C93A9B-37CF-4B3F-B57C-30D054E40392}.Release|Any CPU.ActiveCfg = Release|Any CPU
		{D1C93A9B-37CF-4B3F-B57C-30D054E40392}.Release|Any CPU.Build.0 = Release|Any CPU
		{85E735F0-3709-4AD1-94EE-76CED3EC0804}.Debug|Any CPU.ActiveCfg = Debug|Any CPU
		{85E735F0-3709-4AD1-94EE-76CED3EC0804}.Debug|Any CPU.Build.0 = Debug|Any CPU
		{85E735F0-3709-4AD1-94EE-76CED3EC0804}.Release|Any CPU.ActiveCfg = Release|Any CPU
		{85E735F0-3709-4AD1-94EE-76CED3EC0804}.Release|Any CPU.Build.0 = Release|Any CPU
	EndGlobalSection
	GlobalSection(SolutionProperties) = preSolution
		HideSolutionNode = FALSE
	EndGlobalSection
	GlobalSection(ExtensibilityGlobals) = postSolution
		SolutionGuid = {7BAB8997-E6BD-4ADB-8281-A901E57A1F9B}
	EndGlobalSection
EndGlobal
